
Microsoft Visual Studio Solution File, Format Version 12.00
# Visual Studio 14
VisualStudioVersion = 14.0.25420.1
MinimumVisualStudioVersion = 10.0.40219.1
Project("{FAE04EC0-301F-11D3-BF4B-00C04F79EFBC}") = "Net.Chdk.Meta.Providers.Software.Core", "Net.Chdk.Meta.Providers.Software.Core.csproj", "{3618B309-0690-43DC-9C1E-32DF42D0F43C}"
EndProject
Project("{D954291E-2A0B-460D-934E-DC6B0785DB48}") = "Net.Chdk.Shared", "..\..\..\Net.Chdk.Core\src\Net.Chdk.Shared\Net.Chdk.Shared.shproj", "{83C6A77C-3286-4F5F-B628-3B971097AD05}"
EndProject
Project("{FAE04EC0-301F-11D3-BF4B-00C04F79EFBC}") = "Net.Chdk.Model.Software", "..\..\..\Net.Chdk.Model.Software\src\Net.Chdk.Model.Software\Net.Chdk.Model.Software.csproj", "{7F492AD5-C9E5-4E13-9587-D0B88BA8D209}"
EndProject
Global
	GlobalSection(SharedMSBuildProjectFiles) = preSolution
		..\..\..\Net.Chdk.Core\src\Net.Chdk.Shared\Net.Chdk.Shared.projitems*{3618b309-0690-43dc-9c1e-32df42d0f43c}*SharedItemsImports = 4
		..\..\..\Net.Chdk.Core\src\Net.Chdk.Shared\Net.Chdk.Shared.projitems*{7f492ad5-c9e5-4e13-9587-d0b88ba8d209}*SharedItemsImports = 4
		..\..\..\Net.Chdk.Core\src\Net.Chdk.Shared\Net.Chdk.Shared.projitems*{83c6a77c-3286-4f5f-b628-3b971097ad05}*SharedItemsImports = 13
	EndGlobalSection
	GlobalSection(SolutionConfigurationPlatforms) = preSolution
		Debug|Any CPU = Debug|Any CPU
		Debug|x64 = Debug|x64
		Release|Any CPU = Release|Any CPU
		Release|x64 = Release|x64
	EndGlobalSection
	GlobalSection(ProjectConfigurationPlatforms) = postSolution
		{3618B309-0690-43DC-9C1E-32DF42D0F43C}.Debug|Any CPU.ActiveCfg = Debug|Any CPU
		{3618B309-0690-43DC-9C1E-32DF42D0F43C}.Debug|Any CPU.Build.0 = Debug|Any CPU
		{3618B309-0690-43DC-9C1E-32DF42D0F43C}.Debug|x64.ActiveCfg = Debug|Any CPU
		{3618B309-0690-43DC-9C1E-32DF42D0F43C}.Debug|x64.Build.0 = Debug|Any CPU
		{3618B309-0690-43DC-9C1E-32DF42D0F43C}.Release|Any CPU.ActiveCfg = Release|Any CPU
		{3618B309-0690-43DC-9C1E-32DF42D0F43C}.Release|Any CPU.Build.0 = Release|Any CPU
		{3618B309-0690-43DC-9C1E-32DF42D0F43C}.Release|x64.ActiveCfg = Release|Any CPU
		{3618B309-0690-43DC-9C1E-32DF42D0F43C}.Release|x64.Build.0 = Release|Any CPU
		{7F492AD5-C9E5-4E13-9587-D0B88BA8D209}.Debug|Any CPU.ActiveCfg = Debug|Any CPU
		{7F492AD5-C9E5-4E13-9587-D0B88BA8D209}.Debug|Any CPU.Build.0 = Debug|Any CPU
		{7F492AD5-C9E5-4E13-9587-D0B88BA8D209}.Debug|x64.ActiveCfg = Debug|x64
		{7F492AD5-C9E5-4E13-9587-D0B88BA8D209}.Debug|x64.Build.0 = Debug|x64
		{7F492AD5-C9E5-4E13-9587-D0B88BA8D209}.Release|Any CPU.ActiveCfg = Release|Any CPU
		{7F492AD5-C9E5-4E13-9587-D0B88BA8D209}.Release|Any CPU.Build.0 = Release|Any CPU
		{7F492AD5-C9E5-4E13-9587-D0B88BA8D209}.Release|x64.ActiveCfg = Release|x64
		{7F492AD5-C9E5-4E13-9587-D0B88BA8D209}.Release|x64.Build.0 = Release|x64
	EndGlobalSection
	GlobalSection(SolutionProperties) = preSolution
		HideSolutionNode = FALSE
	EndGlobalSection
EndGlobal
